// !$*UTF8*$!
{
	archiveVersion = 1;
	classes = {
	};
	objectVersion = 50;
	objects = {

/* Begin PBXBuildFile section */
		B19A157620D49BDA00792492 /* Testable.swift in Sources */ = {isa = PBXBuildFile; fileRef = B1C99E8820D4941700530647 /* Testable.swift */; };
		B19A157820D49D4300792492 /* RebuildBinaryTree.swift in Sources */ = {isa = PBXBuildFile; fileRef = B19A157720D49D4300792492 /* RebuildBinaryTree.swift */; };
		B19A157920D49D4300792492 /* RebuildBinaryTree.swift in Sources */ = {isa = PBXBuildFile; fileRef = B19A157720D49D4300792492 /* RebuildBinaryTree.swift */; };
		B1C99E6E20D489C600530647 /* Algorithm_Swift.framework in Frameworks */ = {isa = PBXBuildFile; fileRef = B1C99E6420D489C600530647 /* Algorithm_Swift.framework */; };
		B1C99E7320D489C600530647 /* Algorithm_SwiftTests.swift in Sources */ = {isa = PBXBuildFile; fileRef = B1C99E7220D489C600530647 /* Algorithm_SwiftTests.swift */; };
		B1C99E7520D489C600530647 /* Algorithm_Swift.h in Headers */ = {isa = PBXBuildFile; fileRef = B1C99E6720D489C600530647 /* Algorithm_Swift.h */; settings = {ATTRIBUTES = (Public, ); }; };
		B1C99E8020D48A7200530647 /* MatrixFind.swift in Sources */ = {isa = PBXBuildFile; fileRef = B1C99E7F20D48A7200530647 /* MatrixFind.swift */; };
		B1C99E8120D48A7200530647 /* MatrixFind.swift in Sources */ = {isa = PBXBuildFile; fileRef = B1C99E7F20D48A7200530647 /* MatrixFind.swift */; };
		B1C99E8620D4928400530647 /* PrintListFromTailToHead.swift in Sources */ = {isa = PBXBuildFile; fileRef = B1C99E8520D4928400530647 /* PrintListFromTailToHead.swift */; };
		B1C99E8720D4928400530647 /* PrintListFromTailToHead.swift in Sources */ = {isa = PBXBuildFile; fileRef = B1C99E8520D4928400530647 /* PrintListFromTailToHead.swift */; };
		B1C99E8920D4941700530647 /* Testable.swift in Sources */ = {isa = PBXBuildFile; fileRef = B1C99E8820D4941700530647 /* Testable.swift */; };
/* End PBXBuildFile section */

/* Begin PBXContainerItemProxy section */
		B1C99E6F20D489C600530647 /* PBXContainerItemProxy */ = {
			isa = PBXContainerItemProxy;
			containerPortal = B1C99E5B20D489C600530647 /* Project object */;
			proxyType = 1;
			remoteGlobalIDString = B1C99E6320D489C600530647;
			remoteInfo = "Algorithm-Swift";
		};
/* End PBXContainerItemProxy section */

/* Begin PBXFileReference section */
		B19A157720D49D4300792492 /* RebuildBinaryTree.swift */ = {isa = PBXFileReference; lastKnownFileType = sourcecode.swift; path = RebuildBinaryTree.swift; sourceTree = "<group>"; };
		B1C99E6420D489C600530647 /* Algorithm_Swift.framework */ = {isa = PBXFileReference; explicitFileType = wrapper.framework; includeInIndex = 0; path = Algorithm_Swift.framework; sourceTree = BUILT_PRODUCTS_DIR; };
		B1C99E6720D489C600530647 /* Algorithm_Swift.h */ = {isa = PBXFileReference; lastKnownFileType = sourcecode.c.h; path = Algorithm_Swift.h; sourceTree = "<group>"; };
		B1C99E6820D489C600530647 /* Info.plist */ = {isa = PBXFileReference; lastKnownFileType = text.plist.xml; path = Info.plist; sourceTree = "<group>"; };
		B1C99E6D20D489C600530647 /* Algorithm-SwiftTests.xctest */ = {isa = PBXFileReference; explicitFileType = wrapper.cfbundle; includeInIndex = 0; path = "Algorithm-SwiftTests.xctest"; sourceTree = BUILT_PRODUCTS_DIR; };
		B1C99E7220D489C600530647 /* Algorithm_SwiftTests.swift */ = {isa = PBXFileReference; lastKnownFileType = sourcecode.swift; path = Algorithm_SwiftTests.swift; sourceTree = "<group>"; };
		B1C99E7420D489C600530647 /* Info.plist */ = {isa = PBXFileReference; lastKnownFileType = text.plist.xml; path = Info.plist; sourceTree = "<group>"; };
		B1C99E7F20D48A7200530647 /* MatrixFind.swift */ = {isa = PBXFileReference; lastKnownFileType = sourcecode.swift; path = MatrixFind.swift; sourceTree = "<group>"; };
		B1C99E8520D4928400530647 /* PrintListFromTailToHead.swift */ = {isa = PBXFileReference; lastKnownFileType = sourcecode.swift; path = PrintListFromTailToHead.swift; sourceTree = "<group>"; };
		B1C99E8820D4941700530647 /* Testable.swift */ = {isa = PBXFileReference; lastKnownFileType = sourcecode.swift; path = Testable.swift; sourceTree = "<group>"; };
/* End PBXFileReference section */

/* Begin PBXFrameworksBuildPhase section */
		B1C99E6020D489C600530647 /* Frameworks */ = {
			isa = PBXFrameworksBuildPhase;
			buildActionMask = 2147483647;
			files = (
			);
			runOnlyForDeploymentPostprocessing = 0;
		};
		B1C99E6A20D489C600530647 /* Frameworks */ = {
			isa = PBXFrameworksBuildPhase;
			buildActionMask = 2147483647;
			files = (
				B1C99E6E20D489C600530647 /* Algorithm_Swift.framework in Frameworks */,
			);
			runOnlyForDeploymentPostprocessing = 0;
		};
/* End PBXFrameworksBuildPhase section */

/* Begin PBXGroup section */
		B19A157A20D49D4C00792492 /* RebuildBinaryTree */ = {
			isa = PBXGroup;
			children = (
				B19A157720D49D4300792492 /* RebuildBinaryTree.swift */,
			);
			path = RebuildBinaryTree;
			sourceTree = "<group>";
		};
		B1C99E5A20D489C600530647 = {
			isa = PBXGroup;
			children = (
				B1C99E6620D489C600530647 /* Algorithm-Swift */,
				B1C99E7120D489C600530647 /* Algorithm-SwiftTests */,
				B1C99E6520D489C600530647 /* Products */,
			);
			sourceTree = "<group>";
		};
		B1C99E6520D489C600530647 /* Products */ = {
			isa = PBXGroup;
			children = (
				B1C99E6420D489C600530647 /* Algorithm_Swift.framework */,
				B1C99E6D20D489C600530647 /* Algorithm-SwiftTests.xctest */,
			);
			name = Products;
			sourceTree = "<group>";
		};
		B1C99E6620D489C600530647 /* Algorithm-Swift */ = {
			isa = PBXGroup;
			children = (
				B1C99E6720D489C600530647 /* Algorithm_Swift.h */,
				B1C99E6820D489C600530647 /* Info.plist */,
				B1C99E8820D4941700530647 /* Testable.swift */,
				B19A157A20D49D4C00792492 /* RebuildBinaryTree */,
				B1C99E8420D4922800530647 /* PrintListFromTailToHead */,
				B1C99E7E20D489F500530647 /* MatrixFind */,
			);
			path = "Algorithm-Swift";
			sourceTree = "<group>";
		};
		B1C99E7120D489C600530647 /* Algorithm-SwiftTests */ = {
			isa = PBXGroup;
			children = (
				B1C99E7220D489C600530647 /* Algorithm_SwiftTests.swift */,
				B1C99E7420D489C600530647 /* Info.plist */,
			);
			path = "Algorithm-SwiftTests";
			sourceTree = "<group>";
		};
		B1C99E7E20D489F500530647 /* MatrixFind */ = {
			isa = PBXGroup;
			children = (
				B1C99E7F20D48A7200530647 /* MatrixFind.swift */,
			);
			path = MatrixFind;
			sourceTree = "<group>";
		};
		B1C99E8420D4922800530647 /* PrintListFromTailToHead */ = {
			isa = PBXGroup;
			children = (
				B1C99E8520D4928400530647 /* PrintListFromTailToHead.swift */,
			);
			path = PrintListFromTailToHead;
			sourceTree = "<group>";
		};
/* End PBXGroup section */

/* Begin PBXHeadersBuildPhase section */
		B1C99E6120D489C600530647 /* Headers */ = {
			isa = PBXHeadersBuildPhase;
			buildActionMask = 2147483647;
			files = (
				B1C99E7520D489C600530647 /* Algorithm_Swift.h in Headers */,
			);
			runOnlyForDeploymentPostprocessing = 0;
		};
/* End PBXHeadersBuildPhase section */

/* Begin PBXNativeTarget section */
		B1C99E6320D489C600530647 /* Algorithm-Swift */ = {
			isa = PBXNativeTarget;
			buildConfigurationList = B1C99E7820D489C600530647 /* Build configuration list for PBXNativeTarget "Algorithm-Swift" */;
			buildPhases = (
				B1C99E5F20D489C600530647 /* Sources */,
				B1C99E6020D489C600530647 /* Frameworks */,
				B1C99E6120D489C600530647 /* Headers */,
				B1C99E6220D489C600530647 /* Resources */,
			);
			buildRules = (
			);
			dependencies = (
			);
			name = "Algorithm-Swift";
			productName = "Algorithm-Swift";
			productReference = B1C99E6420D489C600530647 /* Algorithm_Swift.framework */;
			productType = "com.apple.product-type.framework";
		};
		B1C99E6C20D489C600530647 /* Algorithm-SwiftTests */ = {
			isa = PBXNativeTarget;
			buildConfigurationList = B1C99E7B20D489C600530647 /* Build configuration list for PBXNativeTarget "Algorithm-SwiftTests" */;
			buildPhases = (
				B1C99E6920D489C600530647 /* Sources */,
				B1C99E6A20D489C600530647 /* Frameworks */,
				B1C99E6B20D489C600530647 /* Resources */,
			);
			buildRules = (
			);
			dependencies = (
				B1C99E7020D489C600530647 /* PBXTargetDependency */,
			);
			name = "Algorithm-SwiftTests";
			productName = "Algorithm-SwiftTests";
			productReference = B1C99E6D20D489C600530647 /* Algorithm-SwiftTests.xctest */;
			productType = "com.apple.product-type.bundle.unit-test";
		};
/* End PBXNativeTarget section */

/* Begin PBXProject section */
		B1C99E5B20D489C600530647 /* Project object */ = {
			isa = PBXProject;
			attributes = {
				LastSwiftUpdateCheck = 0940;
				LastUpgradeCheck = 0940;
				ORGANIZATIONNAME = TracyYih;
				TargetAttributes = {
					B1C99E6320D489C600530647 = {
						CreatedOnToolsVersion = 9.4;
						LastSwiftMigration = 0940;
					};
					B1C99E6C20D489C600530647 = {
						CreatedOnToolsVersion = 9.4;
					};
				};
			};
			buildConfigurationList = B1C99E5E20D489C600530647 /* Build configuration list for PBXProject "Algorithm-Swift" */;
			compatibilityVersion = "Xcode 9.3";
			developmentRegion = en;
			hasScannedForEncodings = 0;
			knownRegions = (
				en,
			);
			mainGroup = B1C99E5A20D489C600530647;
			productRefGroup = B1C99E6520D489C600530647 /* Products */;
			projectDirPath = "";
			projectRoot = "";
			targets = (
				B1C99E6320D489C600530647 /* Algorithm-Swift */,
				B1C99E6C20D489C600530647 /* Algorithm-SwiftTests */,
			);
		};
/* End PBXProject section */

/* Begin PBXResourcesBuildPhase section */
		B1C99E6220D489C600530647 /* Resources */ = {
			isa = PBXResourcesBuildPhase;
			buildActionMask = 2147483647;
			files = (
			);
			runOnlyForDeploymentPostprocessing = 0;
		};
		B1C99E6B20D489C600530647 /* Resources */ = {
			isa = PBXResourcesBuildPhase;
			buildActionMask = 2147483647;
			files = (
			);
			runOnlyForDeploymentPostprocessing = 0;
		};
/* End PBXResourcesBuildPhase section */

/* Begin PBXSourcesBuildPhase section */
		B1C99E5F20D489C600530647 /* Sources */ = {
			isa = PBXSourcesBuildPhase;
			buildActionMask = 2147483647;
			files = (
				B1C99E8620D4928400530647 /* PrintListFromTailToHead.swift in Sources */,
				B19A157820D49D4300792492 /* RebuildBinaryTree.swift in Sources */,
				B1C99E8020D48A7200530647 /* MatrixFind.swift in Sources */,
				B1C99E8920D4941700530647 /* Testable.swift in Sources */,
			);
			runOnlyForDeploymentPostprocessing = 0;
		};
		B1C99E6920D489C600530647 /* Sources */ = {
			isa = PBXSourcesBuildPhase;
			buildActionMask = 2147483647;
			files = (
				B1C99E8720D4928400530647 /* PrintListFromTailToHead.swift in Sources */,
				B19A157920D49D4300792492 /* RebuildBinaryTree.swift in Sources */,
				B19A157620D49BDA00792492 /* Testable.swift in Sources */,
				B1C99E7320D489C600530647 /* Algorithm_SwiftTests.swift in Sources */,
				B1C99E8120D48A7200530647 /* MatrixFind.swift in Sources */,
			);
			runOnlyForDeploymentPostprocessing = 0;
		};
/* End PBXSourcesBuildPhase section */

/* Begin PBXTargetDependency section */
		B1C99E7020D489C600530647 /* PBXTargetDependency */ = {
			isa = PBXTargetDependency;
			target = B1C99E6320D489C600530647 /* Algorithm-Swift */;
			targetProxy = B1C99E6F20D489C600530647 /* PBXContainerItemProxy */;
		};
/* End PBXTargetDependency section */

/* Begin XCBuildConfiguration section */
		B1C99E7620D489C600530647 /* Debug */ = {
			isa = XCBuildConfiguration;
			buildSettings = {
				ALWAYS_SEARCH_USER_PATHS = NO;
				CLANG_ANALYZER_NONNULL = YES;
				CLANG_ANALYZER_NUMBER_OBJECT_CONVERSION = YES_AGGRESSIVE;
				CLANG_CXX_LANGUAGE_STANDARD = "gnu++14";
				CLANG_CXX_LIBRARY = "libc++";
				CLANG_ENABLE_MODULES = YES;
				CLANG_ENABLE_OBJC_ARC = YES;
				CLANG_ENABLE_OBJC_WEAK = YES;
				CLANG_WARN_BLOCK_CAPTURE_AUTORELEASING = YES;
				CLANG_WARN_BOOL_CONVERSION = YES;
				CLANG_WARN_COMMA = YES;
				CLANG_WARN_CONSTANT_CONVERSION = YES;
				CLANG_WARN_DEPRECATED_OBJC_IMPLEMENTATIONS = YES;
				CLANG_WARN_DIRECT_OBJC_ISA_USAGE = YES_ERROR;
				CLANG_WARN_DOCUMENTATION_COMMENTS = YES;
				CLANG_WARN_EMPTY_BODY = YES;
				CLANG_WARN_ENUM_CONVERSION = YES;
				CLANG_WARN_INFINITE_RECURSION = YES;
				CLANG_WARN_INT_CONVERSION = YES;
				CLANG_WARN_NON_LITERAL_NULL_CONVERSION = YES;
				CLANG_WARN_OBJC_IMPLICIT_RETAIN_SELF = YES;
				CLANG_WARN_OBJC_LITERAL_CONVERSION = YES;
				CLANG_WARN_OBJC_ROOT_CLASS = YES_ERROR;
				CLANG_WARN_RANGE_LOOP_ANALYSIS = YES;
				CLANG_WARN_STRICT_PROTOTYPES = YES;
				CLANG_WARN_SUSPICIOUS_MOVE = YES;
				CLANG_WARN_UNGUARDED_AVAILABILITY = YES_AGGRESSIVE;
				CLANG_WARN_UNREACHABLE_CODE = YES;
				CLANG_WARN__DUPLICATE_METHOD_MATCH = YES;
				CODE_SIGN_IDENTITY = "-";
				COPY_PHASE_STRIP = NO;
				CURRENT_PROJECT_VERSION = 1;
				DEBUG_INFORMATION_FORMAT = dwarf;
				ENABLE_STRICT_OBJC_MSGSEND = YES;
				ENABLE_TESTABILITY = YES;
				GCC_C_LANGUAGE_STANDARD = gnu11;
				GCC_DYNAMIC_NO_PIC = NO;
				GCC_NO_COMMON_BLOCKS = YES;
				GCC_OPTIMIZATION_LEVEL = 0;
				GCC_PREPROCESSOR_DEFINITIONS = (
					"DEBUG=1",
					"$(inherited)",
				);
				GCC_WARN_64_TO_32_BIT_CONVERSION = YES;
				GCC_WARN_ABOUT_RETURN_TYPE = YES_ERROR;
				GCC_WARN_UNDECLARED_SELECTOR = YES;
				GCC_WARN_UNINITIALIZED_AUTOS = YES_AGGRESSIVE;
				GCC_WARN_UNUSED_FUNCTION = YES;
				GCC_WARN_UNUSED_VARIABLE = YES;
				MACOSX_DEPLOYMENT_TARGET = 10.13;
				MTL_ENABLE_DEBUG_INFO = YES;
				ONLY_ACTIVE_ARCH = YES;
				SDKROOT = macosx;
				SWIFT_ACTIVE_COMPILATION_CONDITIONS = DEBUG;
				SWIFT_OPTIMIZATION_LEVEL = "-Onone";
				VERSIONING_SYSTEM = "apple-generic";
				VERSION_INFO_PREFIX = "";
			};
			name = Debug;
		};
		B1C99E7720D489C600530647 /* Release */ = {
			isa = XCBuildConfiguration;
			buildSettings = {
				ALWAYS_SEARCH_USER_PATHS = NO;
				CLANG_ANALYZER_NONNULL = YES;
				CLANG_ANALYZER_NUMBER_OBJECT_CONVERSION = YES_AGGRESSIVE;
				CLANG_CXX_LANGUAGE_STANDARD = "gnu++14";
				CLANG_CXX_LIBRARY = "libc++";
				CLANG_ENABLE_MODULES = YES;
				CLANG_ENABLE_OBJC_ARC = YES;
				CLANG_ENABLE_OBJC_WEAK = YES;
				CLANG_WARN_BLOCK_CAPTURE_AUTORELEASING = YES;
				CLANG_WARN_BOOL_CONVERSION = YES;
				CLANG_WARN_COMMA = YES;
				CLANG_WARN_CONSTANT_CONVERSION = YES;
				CLANG_WARN_DEPRECATED_OBJC_IMPLEMENTATIONS = YES;
				CLANG_WARN_DIRECT_OBJC_ISA_USAGE = YES_ERROR;
				CLANG_WARN_DOCUMENTATION_COMMENTS = YES;
				CLANG_WARN_EMPTY_BODY = YES;
				CLANG_WARN_ENUM_CONVERSION = YES;
				CLANG_WARN_INFINITE_RECURSION = YES;
				CLANG_WARN_INT_CONVERSION = YES;
				CLANG_WARN_NON_LITERAL_NULL_CONVERSION = YES;
				CLANG_WARN_OBJC_IMPLICIT_RETAIN_SELF = YES;
				CLANG_WARN_OBJC_LITERAL_CONVERSION = YES;
				CLANG_WARN_OBJC_ROOT_CLASS = YES_ERROR;
				CLANG_WARN_RANGE_LOOP_ANALYSIS = YES;
				CLANG_WARN_STRICT_PROTOTYPES = YES;
				CLANG_WARN_SUSPICIOUS_MOVE = YES;
				CLANG_WARN_UNGUARDED_AVAILABILITY = YES_AGGRESSIVE;
				CLANG_WARN_UNREACHABLE_CODE = YES;
				CLANG_WARN__DUPLICATE_METHOD_MATCH = YES;
				CODE_SIGN_IDENTITY = "-";
				COPY_PHASE_STRIP = NO;
				CURRENT_PROJECT_VERSION = 1;
				DEBUG_INFORMATION_FORMAT = "dwarf-with-dsym";
				ENABLE_NS_ASSERTIONS = NO;
				ENABLE_STRICT_OBJC_MSGSEND = YES;
				GCC_C_LANGUAGE_STANDARD = gnu11;
				GCC_NO_COMMON_BLOCKS = YES;
				GCC_WARN_64_TO_32_BIT_CONVERSION = YES;
				GCC_WARN_ABOUT_RETURN_TYPE = YES_ERROR;
				GCC_WARN_UNDECLARED_SELECTOR = YES;
				GCC_WARN_UNINITIALIZED_AUTOS = YES_AGGRESSIVE;
				GCC_WARN_UNUSED_FUNCTION = YES;
				GCC_WARN_UNUSED_VARIABLE = YES;
				MACOSX_DEPLOYMENT_TARGET = 10.13;
				MTL_ENABLE_DEBUG_INFO = NO;
				SDKROOT = macosx;
				SWIFT_COMPILATION_MODE = wholemodule;
				SWIFT_OPTIMIZATION_LEVEL = "-O";
				VERSIONING_SYSTEM = "apple-generic";
				VERSION_INFO_PREFIX = "";
			};
			name = Release;
		};
		B1C99E7920D489C600530647 /* Debug */ = {
			isa = XCBuildConfiguration;
			buildSettings = {
				CLANG_ENABLE_MODULES = YES;
				CODE_SIGN_IDENTITY = "";
				CODE_SIGN_STYLE = Automatic;
				COMBINE_HIDPI_IMAGES = YES;
				DEFINES_MODULE = YES;
				DYLIB_COMPATIBILITY_VERSION = 1;
				DYLIB_CURRENT_VERSION = 1;
				DYLIB_INSTALL_NAME_BASE = "@rpath";
				FRAMEWORK_VERSION = A;
				INFOPLIST_FILE = "Algorithm-Swift/Info.plist";
				INSTALL_PATH = "$(LOCAL_LIBRARY_DIR)/Frameworks";
				LD_RUNPATH_SEARCH_PATHS = (
					"$(inherited)",
					"@executable_path/../Frameworks",
					"@loader_path/Frameworks",
				);
				PRODUCT_BUNDLE_IDENTIFIER = "com.esoftmobile.Algorithm-Swift";
				PRODUCT_NAME = "$(TARGET_NAME:c99extidentifier)";
				SKIP_INSTALL = YES;
				SWIFT_OPTIMIZATION_LEVEL = "-Onone";
				SWIFT_VERSION = 4.0;
			};
			name = Debug;
		};
		B1C99E7A20D489C600530647 /* Release */ = {
			isa = XCBuildConfiguration;
			buildSettings = {
				CLANG_ENABLE_MODULES = YES;
				CODE_SIGN_IDENTITY = "";
				CODE_SIGN_STYLE = Automatic;
				COMBINE_HIDPI_IMAGES = YES;
				DEFINES_MODULE = YES;
				DYLIB_COMPATIBILITY_VERSION = 1;
				DYLIB_CURRENT_VERSION = 1;
				DYLIB_INSTALL_NAME_BASE = "@rpath";
				FRAMEWORK_VERSION = A;
				INFOPLIST_FILE = "Algorithm-Swift/Info.plist";
				INSTALL_PATH = "$(LOCAL_LIBRARY_DIR)/Frameworks";
				LD_RUNPATH_SEARCH_PATHS = (
					"$(inherited)",
					"@executable_path/../Frameworks",
					"@loader_path/Frameworks",
				);
				PRODUCT_BUNDLE_IDENTIFIER = "com.esoftmobile.Algorithm-Swift";
				PRODUCT_NAME = "$(TARGET_NAME:c99extidentifier)";
				SKIP_INSTALL = YES;
				SWIFT_VERSION = 4.0;
			};
			name = Release;
		};
		B1C99E7C20D489C600530647 /* Debug */ = {
			isa = XCBuildConfiguration;
			buildSettings = {
				ALWAYS_EMBED_SWIFT_STANDARD_LIBRARIES = YES;
				CODE_SIGN_STYLE = Automatic;
				COMBINE_HIDPI_IMAGES = YES;
				INFOPLIST_FILE = "Algorithm-SwiftTests/Info.plist";
				LD_RUNPATH_SEARCH_PATHS = (
					"$(inherited)",
					"@executable_path/../Frameworks",
					"@loader_path/../Frameworks",
				);
				PRODUCT_BUNDLE_IDENTIFIER = "com.esoftmobile.Algorithm-SwiftTests";
				PRODUCT_NAME = "$(TARGET_NAME)";
				SWIFT_VERSION = 4.0;
			};
			name = Debug;
		};
		B1C99E7D20D489C600530647 /* Release */ = {
			isa = XCBuildConfiguration;
			buildSettings = {
				ALWAYS_EMBED_SWIFT_STANDARD_LIBRARIES = YES;
				CODE_SIGN_STYLE = Automatic;
				COMBINE_HIDPI_IMAGES = YES;
				INFOPLIST_FILE = "Algorithm-SwiftTests/Info.plist";
				LD_RUNPATH_SEARCH_PATHS = (
					"$(inherited)",
					"@executable_path/../Frameworks",
					"@loader_path/../Frameworks",
				);
				PRODUCT_BUNDLE_IDENTIFIER = "com.esoftmobile.Algorithm-SwiftTests";
				PRODUCT_NAME = "$(TARGET_NAME)";
				SWIFT_VERSION = 4.0;
			};
			name = Release;
		};
/* End XCBuildConfiguration section */

/* Begin XCConfigurationList section */
		B1C99E5E20D489C600530647 /* Build configuration list for PBXProject "Algorithm-Swift" */ = {
			isa = XCConfigurationList;
			buildConfigurations = (
				B1C99E7620D489C600530647 /* Debug */,
				B1C99E7720D489C600530647 /* Release */,
			);
			defaultConfigurationIsVisible = 0;
			defaultConfigurationName = Release;
		};
		B1C99E7820D489C600530647 /* Build configuration list for PBXNativeTarget "Algorithm-Swift" */ = {
			isa = XCConfigurationList;
			buildConfigurations = (
				B1C99E7920D489C600530647 /* Debug */,
				B1C99E7A20D489C600530647 /* Release */,
			);
			defaultConfigurationIsVisible = 0;
			defaultConfigurationName = Release;
		};
		B1C99E7B20D489C600530647 /* Build configuration list for PBXNativeTarget "Algorithm-SwiftTests" */ = {
			isa = XCConfigurationList;
			buildConfigurations = (
				B1C99E7C20D489C600530647 /* Debug */,
				B1C99E7D20D489C600530647 /* Release */,
			);
			defaultConfigurationIsVisible = 0;
			defaultConfigurationName = Release;
		};
/* End XCConfigurationList section */
	};
	rootObject = B1C99E5B20D489C600530647 /* Project object */;
}
